PODS:
  - Alamofire (4.5.1)
  - AliyunOSSiOS (2.6.5)
  - Down (0.3.4)
  - Firebase/Core (4.5.0):
    - FirebaseAnalytics (= 4.0.4)
    - FirebaseCore (= 4.0.10)
  - FirebaseAnalytics (4.0.4):
    - FirebaseCore (~> 4.0)
    - FirebaseInstanceID (~> 2.0)
    - GoogleToolboxForMac/NSData+zlib (~> 2.1)
    - nanopb (~> 0.3)
  - FirebaseCore (4.0.10):
    - GoogleToolboxForMac/NSData+zlib (~> 2.1)
    - nanopb (~> 0.3)
  - FirebaseInstanceID (2.0.5)
  - GoogleToolboxForMac/Defines (2.1.3)
  - GoogleToolboxForMac/NSData+zlib (2.1.3):
    - GoogleToolboxForMac/Defines (= 2.1.3)
  - IDZSwiftCommonCrypto (0.9.3)
  - nanopb (0.3.8):
    - nanopb/decode (= 0.3.8)
    - nanopb/encode (= 0.3.8)
  - nanopb/decode (0.3.8)
  - nanopb/encode (0.3.8)
  - NVActivityIndicatorView (4.0.0):
    - NVActivityIndicatorView/Presenter (= 4.0.0)
  - NVActivityIndicatorView/Presenter (4.0.0)
  - TagListView (1.2.0)
  - UMengUShare/Core (6.4.6):
    - UMengUShare/Network
  - UMengUShare/Network (6.4.6)
  - UMengUShare/Social/Email (6.4.6):
    - UMengUShare/Core
  - UMengUShare/Social/ReducedWeChat (6.4.6):
    - UMengUShare/Core
  - UMengUShare/Social/SMS (6.4.6):
    - UMengUShare/Core
  - UMengUShare/UI (6.4.6):
    - UMengUShare/Core

DEPENDENCIES:
  - Alamofire (~> 4.4)
  - AliyunOSSiOS (~> 2.6.2)
  - Down
  - Firebase/Core
  - IDZSwiftCommonCrypto (~> 0.9.1)
  - NVActivityIndicatorView
  - TagListView (~> 1.0)
  - UMengUShare/Social/Email
  - UMengUShare/Social/ReducedWeChat
  - UMengUShare/Social/SMS
  - UMengUShare/UI

SPEC CHECKSUMS:
  Alamofire: 2d95912bf4c34f164fdfc335872e8c312acaea4a
  AliyunOSSiOS: 6d7f1f6aae0176095d147a88d60b23bbef93e0b7
  Down: 3f35b61e51a603df3e9e7e0289b15752e72f82e6
  Firebase: d83d287bdb6b1c78320561482706d1fcfc8ddfc1
  FirebaseAnalytics: 722b53c7b32bfc7806b06e0093a2f5180d4f2c5a
  FirebaseCore: da5e8e372cb6046212739a4d81e42d32c22907cc
  FirebaseInstanceID: f2b688c66b972f30d7fa9f5f9f91455454a03b47
  GoogleToolboxForMac: 2501e2ad72a52eb3dfe7bd9aee7dad11b858bd20
  IDZSwiftCommonCrypto: 03ea02798d8cf2c2a08aa31b1b991e779fb163ed
  nanopb: 5601e6bca2dbf1ed831b519092ec110f66982ca3
  NVActivityIndicatorView: 54c9b93b6f25a4f467512680c0c90c09a1095cf2
  TagListView: 999e1df50c0f6b9ca927fae705c86a7e3b6ee9ba
  UMengUShare: fdbbf86353976727af26a66e9a84314ecb59c816

PODFILE CHECKSUM: 7cb2603c3feb36979f47b8bd0852345881082e86

COCOAPODS: 1.2.1
